
Microsoft Visual Studio Solution File, Format Version 12.00
# Visual Studio Version 16
VisualStudioVersion = 16.0.28803.156
MinimumVisualStudioVersion = 10.0.40219.1
Project("{9A19103F-16F7-4668-BE54-9A1E7A4F7556}") = "TablizaUmnojeniya", "TablizaUmnojeniya\TablizaUmnojeniya.csproj", "{5605EB4F-1B5B-4E12-8DED-93D29A691CDE}"
EndProject
Project("{9A19103F-16F7-4668-BE54-9A1E7A4F7556}") = "NUnitTestTU", "NUnitTestProject1\NUnitTestTU.csproj", "{36BA76D0-CEF3-44AB-ABA1-9F4F53DC4ABE}"
EndProject
Global
	GlobalSection(SolutionConfigurationPlatforms) = preSolution
		Debug|Any CPU = Debug|Any CPU
		Release|Any CPU = Release|Any CPU
	EndGlobalSection
	GlobalSection(ProjectConfigurationPlatforms) = postSolution
		{5605EB4F-1B5B-4E12-8DED-93D29A691CDE}.Debug|Any CPU.ActiveCfg = Debug|Any CPU
		{5605EB4F-1B5B-4E12-8DED-93D29A691CDE}.Debug|Any CPU.Build.0 = Debug|Any CPU
		{5605EB4F-1B5B-4E12-8DED-93D29A691CDE}.Release|Any CPU.ActiveCfg = Release|Any CPU
		{5605EB4F-1B5B-4E12-8DED-93D29A691CDE}.Release|Any CPU.Build.0 = Release|Any CPU
		{36BA76D0-CEF3-44AB-ABA1-9F4F53DC4ABE}.Debug|Any CPU.ActiveCfg = Debug|Any CPU
		{36BA76D0-CEF3-44AB-ABA1-9F4F53DC4ABE}.Debug|Any CPU.Build.0 = Debug|Any CPU
		{36BA76D0-CEF3-44AB-ABA1-9F4F53DC4ABE}.Release|Any CPU.ActiveCfg = Release|Any CPU
		{36BA76D0-CEF3-44AB-ABA1-9F4F53DC4ABE}.Release|Any CPU.Build.0 = Release|Any CPU
	EndGlobalSection
	GlobalSection(SolutionProperties) = preSolution
		HideSolutionNode = FALSE
	EndGlobalSection
	GlobalSection(ExtensibilityGlobals) = postSolution
		SolutionGuid = {70C82A45-E5E2-45B1-BA5A-07C2F29B4AC2}
	EndGlobalSection
EndGlobal
